
Microsoft Visual Studio Solution File, Format Version 12.00
# Visual Studio 2013
VisualStudioVersion = 12.0.21005.1
MinimumVisualStudioVersion = 10.0.40219.1
Project("{FAE04EC0-301F-11D3-BF4B-00C04F79EFBC}") = "UniProject.Core", "UniProject.Core\UniProject.Core.csproj", "{BFB71EC0-F02B-4478-BACF-28103DDD3C34}"
EndProject
Project("{FAE04EC0-301F-11D3-BF4B-00C04F79EFBC}") = "UniProject.ServerConsole", "UniProject.ServerConsole\UniProject.ServerConsole.csproj", "{AA881706-F7DC-4A75-B3A7-BDA06763733C}"
EndProject
Project("{FAE04EC0-301F-11D3-BF4B-00C04F79EFBC}") = "UniProject.ClientConsole", "UniProject.ClientConsole\UniProject.ClientConsole.csproj", "{FF46AB0A-2E63-49E9-8CDC-65BE1FC0F5E5}"
EndProject
Project("{FAE04EC0-301F-11D3-BF4B-00C04F79EFBC}") = "UniProject.ServerForm", "UniProject.ServerForm\UniProject.ServerForm.csproj", "{0A21A334-94CD-416B-A27A-7FB7D35A597A}"
EndProject
Project("{FAE04EC0-301F-11D3-BF4B-00C04F79EFBC}") = "UniProject.ScreenshotTest", "UniProject.ScreenshotTest\UniProject.ScreenshotTest.csproj", "{115D0A45-959E-49B8-97F9-DF0E1581F48E}"
EndProject
Global
	GlobalSection(SolutionConfigurationPlatforms) = preSolution
		Debug|Any CPU = Debug|Any CPU
		Release|Any CPU = Release|Any CPU
	EndGlobalSection
	GlobalSection(ProjectConfigurationPlatforms) = postSolution
		{BFB71EC0-F02B-4478-BACF-28103DDD3C34}.Debug|Any CPU.ActiveCfg = Debug|Any CPU
		{BFB71EC0-F02B-4478-BACF-28103DDD3C34}.Debug|Any CPU.Build.0 = Debug|Any CPU
		{BFB71EC0-F02B-4478-BACF-28103DDD3C34}.Release|Any CPU.ActiveCfg = Release|Any CPU
		{BFB71EC0-F02B-4478-BACF-28103DDD3C34}.Release|Any CPU.Build.0 = Release|Any CPU
		{AA881706-F7DC-4A75-B3A7-BDA06763733C}.Debug|Any CPU.ActiveCfg = Debug|Any CPU
		{AA881706-F7DC-4A75-B3A7-BDA06763733C}.Debug|Any CPU.Build.0 = Debug|Any CPU
		{AA881706-F7DC-4A75-B3A7-BDA06763733C}.Release|Any CPU.ActiveCfg = Release|Any CPU
		{AA881706-F7DC-4A75-B3A7-BDA06763733C}.Release|Any CPU.Build.0 = Release|Any CPU
		{FF46AB0A-2E63-49E9-8CDC-65BE1FC0F5E5}.Debug|Any CPU.ActiveCfg = Debug|Any CPU
		{FF46AB0A-2E63-49E9-8CDC-65BE1FC0F5E5}.Debug|Any CPU.Build.0 = Debug|Any CPU
		{FF46AB0A-2E63-49E9-8CDC-65BE1FC0F5E5}.Release|Any CPU.ActiveCfg = Release|Any CPU
		{FF46AB0A-2E63-49E9-8CDC-65BE1FC0F5E5}.Release|Any CPU.Build.0 = Release|Any CPU
		{0A21A334-94CD-416B-A27A-7FB7D35A597A}.Debug|Any CPU.ActiveCfg = Debug|Any CPU
		{0A21A334-94CD-416B-A27A-7FB7D35A597A}.Debug|Any CPU.Build.0 = Debug|Any CPU
		{0A21A334-94CD-416B-A27A-7FB7D35A597A}.Release|Any CPU.ActiveCfg = Release|Any CPU
		{0A21A334-94CD-416B-A27A-7FB7D35A597A}.Release|Any CPU.Build.0 = Release|Any CPU
		{115D0A45-959E-49B8-97F9-DF0E1581F48E}.Debug|Any CPU.ActiveCfg = Debug|Any CPU
		{115D0A45-959E-49B8-97F9-DF0E1581F48E}.Debug|Any CPU.Build.0 = Debug|Any CPU
		{115D0A45-959E-49B8-97F9-DF0E1581F48E}.Release|Any CPU.ActiveCfg = Release|Any CPU
		{115D0A45-959E-49B8-97F9-DF0E1581F48E}.Release|Any CPU.Build.0 = Release|Any CPU
	EndGlobalSection
	GlobalSection(SolutionProperties) = preSolution
		HideSolutionNode = FALSE
	EndGlobalSection
EndGlobal
